
Microsoft Visual Studio Solution File, Format Version 12.00
# Visual Studio Version 16
VisualStudioVersion = 16.0.29209.62
MinimumVisualStudioVersion = 10.0.40219.1
Project("{FAE04EC0-301F-11D3-BF4B-00C04F79EFBC}") = "BestPractice", "BestPractice.csproj", "{5D42AAA8-BC52-4515-87F4-FD040692BC57}"
EndProject
Global
	GlobalSection(SolutionConfigurationPlatforms) = preSolution
		Debug|Any CPU = Debug|Any CPU
		Release|Any CPU = Release|Any CPU
	EndGlobalSection
	GlobalSection(ProjectConfigurationPlatforms) = postSolution
		{5D42AAA8-BC52-4515-87F4-FD040692BC57}.Debug|Any CPU.ActiveCfg = Debug|Any CPU
		{5D42AAA8-BC52-4515-87F4-FD040692BC57}.Debug|Any CPU.Build.0 = Debug|Any CPU
		{5D42AAA8-BC52-4515-87F4-FD040692BC57}.Release|Any CPU.ActiveCfg = Release|Any CPU
		{5D42AAA8-BC52-4515-87F4-FD040692BC57}.Release|Any CPU.Build.0 = Release|Any CPU
	EndGlobalSection
	GlobalSection(SolutionProperties) = preSolution
		HideSolutionNode = FALSE
	EndGlobalSection
	GlobalSection(ExtensibilityGlobals) = postSolution
		SolutionGuid = {ADB1F98E-250A-4DAB-81F5-9D87711433CF}
	EndGlobalSection
EndGlobal
